
Microsoft Visual Studio Solution File, Format Version 12.00
# Visual Studio 14
VisualStudioVersion = 14.0.25420.1
MinimumVisualStudioVersion = 10.0.40219.1
Project("{FAE04EC0-301F-11D3-BF4B-00C04F79EFBC}") = "YusufUploadTripTest", "YusufUploadTripTest\YusufUploadTripTest.csproj", "{454DFA17-831F-4926-ABEC-3FC809D1ABFB}"
EndProject
Global
	GlobalSection(SolutionConfigurationPlatforms) = preSolution
		Debug|Any CPU = Debug|Any CPU
		Release|Any CPU = Release|Any CPU
	EndGlobalSection
	GlobalSection(ProjectConfigurationPlatforms) = postSolution
		{454DFA17-831F-4926-ABEC-3FC809D1ABFB}.Debug|Any CPU.ActiveCfg = Debug|Any CPU
		{454DFA17-831F-4926-ABEC-3FC809D1ABFB}.Debug|Any CPU.Build.0 = Debug|Any CPU
		{454DFA17-831F-4926-ABEC-3FC809D1ABFB}.Release|Any CPU.ActiveCfg = Release|Any CPU
		{454DFA17-831F-4926-ABEC-3FC809D1ABFB}.Release|Any CPU.Build.0 = Release|Any CPU
	EndGlobalSection
	GlobalSection(SolutionProperties) = preSolution
		HideSolutionNode = FALSE
	EndGlobalSection
EndGlobal
