
Microsoft Visual Studio Solution File, Format Version 12.00
# Visual Studio 15
VisualStudioVersion = 15.0.27703.2042
MinimumVisualStudioVersion = 10.0.40219.1
Project("{FAE04EC0-301F-11D3-BF4B-00C04F79EFBC}") = "TransferLocationsAndEntities", "TransferLocationsAndEntities\TransferLocationsAndEntities.csproj", "{3BC55B5E-90FA-420B-AE83-80043123D620}"
EndProject
Global
	GlobalSection(SolutionConfigurationPlatforms) = preSolution
		Debug|Any CPU = Debug|Any CPU
		Release|Any CPU = Release|Any CPU
	EndGlobalSection
	GlobalSection(ProjectConfigurationPlatforms) = postSolution
		{3BC55B5E-90FA-420B-AE83-80043123D620}.Debug|Any CPU.ActiveCfg = Debug|Any CPU
		{3BC55B5E-90FA-420B-AE83-80043123D620}.Debug|Any CPU.Build.0 = Debug|Any CPU
		{3BC55B5E-90FA-420B-AE83-80043123D620}.Release|Any CPU.ActiveCfg = Release|Any CPU
		{3BC55B5E-90FA-420B-AE83-80043123D620}.Release|Any CPU.Build.0 = Release|Any CPU
	EndGlobalSection
	GlobalSection(SolutionProperties) = preSolution
		HideSolutionNode = FALSE
	EndGlobalSection
	GlobalSection(ExtensibilityGlobals) = postSolution
		SolutionGuid = {59C4CCBA-3814-485F-A3DF-9D76C40DFA08}
	EndGlobalSection
EndGlobal
